// !$*UTF8*$!
{
	archiveVersion = 1;
	classes = {
	};
	objectVersion = 55;
	objects = {

/* Begin PBXBuildFile section */
		66EBEDF673E22D733ABA473B /* Pods_VKFeedNews.framework in Frameworks */ = {isa = PBXBuildFile; fileRef = 6C7D2DE750DFF7D5C1A42E31 /* Pods_VKFeedNews.framework */; };
		6D2AB81C2714CDE8005FF966 /* AuthService.swift in Sources */ = {isa = PBXBuildFile; fileRef = 6D2AB81B2714CDE8005FF966 /* AuthService.swift */; };
		6D524A142716F7380064EAEA /* NewsfeedCell.swift in Sources */ = {isa = PBXBuildFile; fileRef = 6D524A132716F7380064EAEA /* NewsfeedCell.swift */; };
		6D524A19271713010064EAEA /* WebImageView.swift in Sources */ = {isa = PBXBuildFile; fileRef = 6D524A18271713010064EAEA /* WebImageView.swift */; };
		6D524A1B27172D250064EAEA /* NewsfeedCellLayoutCalculator.swift in Sources */ = {isa = PBXBuildFile; fileRef = 6D524A1A27172D250064EAEA /* NewsfeedCellLayoutCalculator.swift */; };
		6D524A1D271736900064EAEA /* String + Height.swift in Sources */ = {isa = PBXBuildFile; fileRef = 6D524A1C271736900064EAEA /* String + Height.swift */; };
		6D6D45F327162EA6000DCB16 /* NewsfeedPresenter.swift in Sources */ = {isa = PBXBuildFile; fileRef = 6D6D45EC27162EA6000DCB16 /* NewsfeedPresenter.swift */; };
		6D6D45F427162EA6000DCB16 /* NewsfeedWorker.swift in Sources */ = {isa = PBXBuildFile; fileRef = 6D6D45ED27162EA6000DCB16 /* NewsfeedWorker.swift */; };
		6D6D45F527162EA6000DCB16 /* NewsfeedRouter.swift in Sources */ = {isa = PBXBuildFile; fileRef = 6D6D45EE27162EA6000DCB16 /* NewsfeedRouter.swift */; };
		6D6D45F627162EA6000DCB16 /* NewsfeedModels.swift in Sources */ = {isa = PBXBuildFile; fileRef = 6D6D45EF27162EA6000DCB16 /* NewsfeedModels.swift */; };
		6D6D45F727162EA6000DCB16 /* NewsfeedViewController.swift in Sources */ = {isa = PBXBuildFile; fileRef = 6D6D45F027162EA6000DCB16 /* NewsfeedViewController.swift */; };
		6D6D45F827162EA6000DCB16 /* NewsfeedInteractor.swift in Sources */ = {isa = PBXBuildFile; fileRef = 6D6D45F127162EA6000DCB16 /* NewsfeedInteractor.swift */; };
		6D925934271469F300DFA252 /* AppDelegate.swift in Sources */ = {isa = PBXBuildFile; fileRef = 6D925933271469F300DFA252 /* AppDelegate.swift */; };
		6D925936271469F300DFA252 /* SceneDelegate.swift in Sources */ = {isa = PBXBuildFile; fileRef = 6D925935271469F300DFA252 /* SceneDelegate.swift */; };
		6D92593D271469F500DFA252 /* Assets.xcassets in Resources */ = {isa = PBXBuildFile; fileRef = 6D92593C271469F500DFA252 /* Assets.xcassets */; };
		6D925940271469F500DFA252 /* LaunchScreen.storyboard in Resources */ = {isa = PBXBuildFile; fileRef = 6D92593E271469F500DFA252 /* LaunchScreen.storyboard */; };
		6DB1799D27185CC100A8D9D4 /* NewsfeedCell.xib in Resources */ = {isa = PBXBuildFile; fileRef = 6DB1799C27185CC100A8D9D4 /* NewsfeedCell.xib */; };
		6DB27D542715C22C00B0C072 /* AuthViewController.swift in Sources */ = {isa = PBXBuildFile; fileRef = 6DB27D532715C22C00B0C072 /* AuthViewController.swift */; };
		6DB27D582715C5A700B0C072 /* AuthStoryboard.storyboard in Resources */ = {isa = PBXBuildFile; fileRef = 6DB27D572715C5A700B0C072 /* AuthStoryboard.storyboard */; };
		6DB27D5A2715E3D600B0C072 /* NewsfeedStoryboard.storyboard in Resources */ = {isa = PBXBuildFile; fileRef = 6DB27D592715E3D600B0C072 /* NewsfeedStoryboard.storyboard */; };
		6DB27D61271615A000B0C072 /* UIViewController + Storyboard.swift in Sources */ = {isa = PBXBuildFile; fileRef = 6DB27D60271615A000B0C072 /* UIViewController + Storyboard.swift */; };
		6DB27D632716192D00B0C072 /* API.swift in Sources */ = {isa = PBXBuildFile; fileRef = 6DB27D622716192D00B0C072 /* API.swift */; };
		6DB27D65271619B900B0C072 /* NetworkService.swift in Sources */ = {isa = PBXBuildFile; fileRef = 6DB27D64271619B900B0C072 /* NetworkService.swift */; };
		6DB27D68271622B400B0C072 /* FeedResponse.swift in Sources */ = {isa = PBXBuildFile; fileRef = 6DB27D67271622B400B0C072 /* FeedResponse.swift */; };
		6DB27D6A2716253700B0C072 /* NetworkDataFetcher.swift in Sources */ = {isa = PBXBuildFile; fileRef = 6DB27D692716253700B0C072 /* NetworkDataFetcher.swift */; };
/* End PBXBuildFile section */

/* Begin PBXFileReference section */
		6C7D2DE750DFF7D5C1A42E31 /* Pods_VKFeedNews.framework */ = {isa = PBXFileReference; explicitFileType = wrapper.framework; includeInIndex = 0; path = Pods_VKFeedNews.framework; sourceTree = BUILT_PRODUCTS_DIR; };
		6D2AB81B2714CDE8005FF966 /* AuthService.swift */ = {isa = PBXFileReference; lastKnownFileType = sourcecode.swift; path = AuthService.swift; sourceTree = "<group>"; };
		6D524A132716F7380064EAEA /* NewsfeedCell.swift */ = {isa = PBXFileReference; lastKnownFileType = sourcecode.swift; path = NewsfeedCell.swift; sourceTree = "<group>"; };
		6D524A18271713010064EAEA /* WebImageView.swift */ = {isa = PBXFileReference; lastKnownFileType = sourcecode.swift; path = WebImageView.swift; sourceTree = "<group>"; };
		6D524A1A27172D250064EAEA /* NewsfeedCellLayoutCalculator.swift */ = {isa = PBXFileReference; lastKnownFileType = sourcecode.swift; path = NewsfeedCellLayoutCalculator.swift; sourceTree = "<group>"; };
		6D524A1C271736900064EAEA /* String + Height.swift */ = {isa = PBXFileReference; lastKnownFileType = sourcecode.swift; path = "String + Height.swift"; sourceTree = "<group>"; };
		6D6D45EC27162EA6000DCB16 /* NewsfeedPresenter.swift */ = {isa = PBXFileReference; lastKnownFileType = sourcecode.swift; path = NewsfeedPresenter.swift; sourceTree = "<group>"; };
		6D6D45ED27162EA6000DCB16 /* NewsfeedWorker.swift */ = {isa = PBXFileReference; lastKnownFileType = sourcecode.swift; path = NewsfeedWorker.swift; sourceTree = "<group>"; };
		6D6D45EE27162EA6000DCB16 /* NewsfeedRouter.swift */ = {isa = PBXFileReference; lastKnownFileType = sourcecode.swift; path = NewsfeedRouter.swift; sourceTree = "<group>"; };
		6D6D45EF27162EA6000DCB16 /* NewsfeedModels.swift */ = {isa = PBXFileReference; lastKnownFileType = sourcecode.swift; path = NewsfeedModels.swift; sourceTree = "<group>"; };
		6D6D45F027162EA6000DCB16 /* NewsfeedViewController.swift */ = {isa = PBXFileReference; lastKnownFileType = sourcecode.swift; path = NewsfeedViewController.swift; sourceTree = "<group>"; };
		6D6D45F127162EA6000DCB16 /* NewsfeedInteractor.swift */ = {isa = PBXFileReference; lastKnownFileType = sourcecode.swift; path = NewsfeedInteractor.swift; sourceTree = "<group>"; };
		6D925930271469F300DFA252 /* VKFeedNews.app */ = {isa = PBXFileReference; explicitFileType = wrapper.application; includeInIndex = 0; path = VKFeedNews.app; sourceTree = BUILT_PRODUCTS_DIR; };
		6D925933271469F300DFA252 /* AppDelegate.swift */ = {isa = PBXFileReference; lastKnownFileType = sourcecode.swift; path = AppDelegate.swift; sourceTree = "<group>"; };
		6D925935271469F300DFA252 /* SceneDelegate.swift */ = {isa = PBXFileReference; lastKnownFileType = sourcecode.swift; path = SceneDelegate.swift; sourceTree = "<group>"; };
		6D92593C271469F500DFA252 /* Assets.xcassets */ = {isa = PBXFileReference; lastKnownFileType = folder.assetcatalog; path = Assets.xcassets; sourceTree = "<group>"; };
		6D92593F271469F500DFA252 /* Base */ = {isa = PBXFileReference; lastKnownFileType = file.storyboard; name = Base; path = Base.lproj/LaunchScreen.storyboard; sourceTree = "<group>"; };
		6D925941271469F500DFA252 /* Info.plist */ = {isa = PBXFileReference; lastKnownFileType = text.plist.xml; path = Info.plist; sourceTree = "<group>"; };
		6DB1799C27185CC100A8D9D4 /* NewsfeedCell.xib */ = {isa = PBXFileReference; fileEncoding = 4; lastKnownFileType = file.xib; path = NewsfeedCell.xib; sourceTree = "<group>"; };
		6DB27D532715C22C00B0C072 /* AuthViewController.swift */ = {isa = PBXFileReference; lastKnownFileType = sourcecode.swift; path = AuthViewController.swift; sourceTree = "<group>"; };
		6DB27D572715C5A700B0C072 /* AuthStoryboard.storyboard */ = {isa = PBXFileReference; lastKnownFileType = file.storyboard; path = AuthStoryboard.storyboard; sourceTree = "<group>"; };
		6DB27D592715E3D600B0C072 /* NewsfeedStoryboard.storyboard */ = {isa = PBXFileReference; lastKnownFileType = file.storyboard; path = NewsfeedStoryboard.storyboard; sourceTree = "<group>"; };
		6DB27D60271615A000B0C072 /* UIViewController + Storyboard.swift */ = {isa = PBXFileReference; lastKnownFileType = sourcecode.swift; path = "UIViewController + Storyboard.swift"; sourceTree = "<group>"; };
		6DB27D622716192D00B0C072 /* API.swift */ = {isa = PBXFileReference; lastKnownFileType = sourcecode.swift; path = API.swift; sourceTree = "<group>"; };
		6DB27D64271619B900B0C072 /* NetworkService.swift */ = {isa = PBXFileReference; lastKnownFileType = sourcecode.swift; path = NetworkService.swift; sourceTree = "<group>"; };
		6DB27D67271622B400B0C072 /* FeedResponse.swift */ = {isa = PBXFileReference; lastKnownFileType = sourcecode.swift; path = FeedResponse.swift; sourceTree = "<group>"; };
		6DB27D692716253700B0C072 /* NetworkDataFetcher.swift */ = {isa = PBXFileReference; lastKnownFileType = sourcecode.swift; path = NetworkDataFetcher.swift; sourceTree = "<group>"; };
		95093FFCF6946CF964D91DCD /* Pods-VKFeedNews.debug.xcconfig */ = {isa = PBXFileReference; includeInIndex = 1; lastKnownFileType = text.xcconfig; name = "Pods-VKFeedNews.debug.xcconfig"; path = "Target Support Files/Pods-VKFeedNews/Pods-VKFeedNews.debug.xcconfig"; sourceTree = "<group>"; };
		B7BDFA484FD8FD663197F5EA /* Pods-VKFeedNews.release.xcconfig */ = {isa = PBXFileReference; includeInIndex = 1; lastKnownFileType = text.xcconfig; name = "Pods-VKFeedNews.release.xcconfig"; path = "Target Support Files/Pods-VKFeedNews/Pods-VKFeedNews.release.xcconfig"; sourceTree = "<group>"; };
/* End PBXFileReference section */

/* Begin PBXFrameworksBuildPhase section */
		6D92592D271469F300DFA252 /* Frameworks */ = {
			isa = PBXFrameworksBuildPhase;
			buildActionMask = 2147483647;
			files = (
				66EBEDF673E22D733ABA473B /* Pods_VKFeedNews.framework in Frameworks */,
			);
			runOnlyForDeploymentPostprocessing = 0;
		};
/* End PBXFrameworksBuildPhase section */

/* Begin PBXGroup section */
		0721EC4B9833D155F2415A03 /* Pods */ = {
			isa = PBXGroup;
			children = (
				95093FFCF6946CF964D91DCD /* Pods-VKFeedNews.debug.xcconfig */,
				B7BDFA484FD8FD663197F5EA /* Pods-VKFeedNews.release.xcconfig */,
			);
			path = Pods;
			sourceTree = "<group>";
		};
		6D2AB81A2714CDCB005FF966 /* Services */ = {
			isa = PBXGroup;
			children = (
				6DB27D66271622A600B0C072 /* Model */,
				6D2AB81B2714CDE8005FF966 /* AuthService.swift */,
				6DB27D622716192D00B0C072 /* API.swift */,
				6DB27D64271619B900B0C072 /* NetworkService.swift */,
				6DB27D692716253700B0C072 /* NetworkDataFetcher.swift */,
			);
			path = Services;
			sourceTree = "<group>";
		};
		6D524A152716F7470064EAEA /* Cell */ = {
			isa = PBXGroup;
			children = (
				6D524A132716F7380064EAEA /* NewsfeedCell.swift */,
				6DB1799C27185CC100A8D9D4 /* NewsfeedCell.xib */,
				6D524A1A27172D250064EAEA /* NewsfeedCellLayoutCalculator.swift */,
			);
			path = Cell;
			sourceTree = "<group>";
		};
		6D6D45B327162AF7000DCB16 /* Newsfeed */ = {
			isa = PBXGroup;
			children = (
				6D524A152716F7470064EAEA /* Cell */,
				6DB27D592715E3D600B0C072 /* NewsfeedStoryboard.storyboard */,
				6D6D45F027162EA6000DCB16 /* NewsfeedViewController.swift */,
				6D6D45F127162EA6000DCB16 /* NewsfeedInteractor.swift */,
				6D6D45EC27162EA6000DCB16 /* NewsfeedPresenter.swift */,
				6D6D45EF27162EA6000DCB16 /* NewsfeedModels.swift */,
				6D6D45ED27162EA6000DCB16 /* NewsfeedWorker.swift */,
				6D6D45EE27162EA6000DCB16 /* NewsfeedRouter.swift */,
			);
			path = Newsfeed;
			sourceTree = "<group>";
		};
		6D925927271469F300DFA252 = {
			isa = PBXGroup;
			children = (
				6D925932271469F300DFA252 /* VKFeedNews */,
				6D925931271469F300DFA252 /* Products */,
				0721EC4B9833D155F2415A03 /* Pods */,
				D3790FECA9AB3EDE47995DA2 /* Frameworks */,
			);
			sourceTree = "<group>";
		};
		6D925931271469F300DFA252 /* Products */ = {
			isa = PBXGroup;
			children = (
				6D925930271469F300DFA252 /* VKFeedNews.app */,
			);
			name = Products;
			sourceTree = "<group>";
		};
		6D925932271469F300DFA252 /* VKFeedNews */ = {
			isa = PBXGroup;
			children = (
				6D6D45B327162AF7000DCB16 /* Newsfeed */,
				6DB27D522715C21600B0C072 /* Auth */,
				6D2AB81A2714CDCB005FF966 /* Services */,
				6D925933271469F300DFA252 /* AppDelegate.swift */,
				6D925935271469F300DFA252 /* SceneDelegate.swift */,
				6D92593C271469F500DFA252 /* Assets.xcassets */,
				6D92593E271469F500DFA252 /* LaunchScreen.storyboard */,
				6D925941271469F500DFA252 /* Info.plist */,
				6DB27D5F2716157C00B0C072 /* Helpers */,
			);
			path = VKFeedNews;
			sourceTree = "<group>";
		};
		6DB27D522715C21600B0C072 /* Auth */ = {
			isa = PBXGroup;
			children = (
				6DB27D532715C22C00B0C072 /* AuthViewController.swift */,
				6DB27D572715C5A700B0C072 /* AuthStoryboard.storyboard */,
			);
			path = Auth;
			sourceTree = "<group>";
		};
		6DB27D5F2716157C00B0C072 /* Helpers */ = {
			isa = PBXGroup;
			children = (
				6DB27D60271615A000B0C072 /* UIViewController + Storyboard.swift */,
				6D524A18271713010064EAEA /* WebImageView.swift */,
				6D524A1C271736900064EAEA /* String + Height.swift */,
			);
			path = Helpers;
			sourceTree = "<group>";
		};
		6DB27D66271622A600B0C072 /* Model */ = {
			isa = PBXGroup;
			children = (
				6DB27D67271622B400B0C072 /* FeedResponse.swift */,
			);
			path = Model;
			sourceTree = "<group>";
		};
		D3790FECA9AB3EDE47995DA2 /* Frameworks */ = {
			isa = PBXGroup;
			children = (
				6C7D2DE750DFF7D5C1A42E31 /* Pods_VKFeedNews.framework */,
			);
			name = Frameworks;
			sourceTree = "<group>";
		};
/* End PBXGroup section */

/* Begin PBXNativeTarget section */
		6D92592F271469F300DFA252 /* VKFeedNews */ = {
			isa = PBXNativeTarget;
			buildConfigurationList = 6D925944271469F500DFA252 /* Build configuration list for PBXNativeTarget "VKFeedNews" */;
			buildPhases = (
				3C0F8F4DFD9CE054BFCD117A /* [CP] Check Pods Manifest.lock */,
				6D92592C271469F300DFA252 /* Sources */,
				6D92592D271469F300DFA252 /* Frameworks */,
				6D92592E271469F300DFA252 /* Resources */,
				7C701C5412BD6B3567B443AB /* [CP] Embed Pods Frameworks */,
			);
			buildRules = (
			);
			dependencies = (
			);
			name = VKFeedNews;
			productName = VKFeedNews;
			productReference = 6D925930271469F300DFA252 /* VKFeedNews.app */;
			productType = "com.apple.product-type.application";
		};
/* End PBXNativeTarget section */

/* Begin PBXProject section */
		6D925928271469F300DFA252 /* Project object */ = {
			isa = PBXProject;
			attributes = {
				BuildIndependentTargetsInParallel = 1;
				LastSwiftUpdateCheck = 1300;
				LastUpgradeCheck = 1300;
				ORGANIZATIONNAME = "Mikhail Ivanov";
				TargetAttributes = {
					6D92592F271469F300DFA252 = {
						CreatedOnToolsVersion = 13.0;
					};
				};
			};
			buildConfigurationList = 6D92592B271469F300DFA252 /* Build configuration list for PBXProject "VKFeedNews" */;
			compatibilityVersion = "Xcode 13.0";
			developmentRegion = en;
			hasScannedForEncodings = 0;
			knownRegions = (
				en,
				Base,
			);
			mainGroup = 6D925927271469F300DFA252;
			productRefGroup = 6D925931271469F300DFA252 /* Products */;
			projectDirPath = "";
			projectRoot = "";
			targets = (
				6D92592F271469F300DFA252 /* VKFeedNews */,
			);
		};
/* End PBXProject section */

/* Begin PBXResourcesBuildPhase section */
		6D92592E271469F300DFA252 /* Resources */ = {
			isa = PBXResourcesBuildPhase;
			buildActionMask = 2147483647;
			files = (
				6D925940271469F500DFA252 /* LaunchScreen.storyboard in Resources */,
				6DB27D5A2715E3D600B0C072 /* NewsfeedStoryboard.storyboard in Resources */,
				6D92593D271469F500DFA252 /* Assets.xcassets in Resources */,
				6DB27D582715C5A700B0C072 /* AuthStoryboard.storyboard in Resources */,
				6DB1799D27185CC100A8D9D4 /* NewsfeedCell.xib in Resources */,
			);
			runOnlyForDeploymentPostprocessing = 0;
		};
/* End PBXResourcesBuildPhase section */

/* Begin PBXShellScriptBuildPhase section */
		3C0F8F4DFD9CE054BFCD117A /* [CP] Check Pods Manifest.lock */ = {
			isa = PBXShellScriptBuildPhase;
			buildActionMask = 2147483647;
			files = (
			);
			inputFileListPaths = (
			);
			inputPaths = (
				"${PODS_PODFILE_DIR_PATH}/Podfile.lock",
				"${PODS_ROOT}/Manifest.lock",
			);
			name = "[CP] Check Pods Manifest.lock";
			outputFileListPaths = (
			);
			outputPaths = (
				"$(DERIVED_FILE_DIR)/Pods-VKFeedNews-checkManifestLockResult.txt",
			);
			runOnlyForDeploymentPostprocessing = 0;
			shellPath = /bin/sh;
			shellScript = "diff \"${PODS_PODFILE_DIR_PATH}/Podfile.lock\" \"${PODS_ROOT}/Manifest.lock\" > /dev/null\nif [ $? != 0 ] ; then\n    # print error to STDERR\n    echo \"error: The sandbox is not in sync with the Podfile.lock. Run 'pod install' or update your CocoaPods installation.\" >&2\n    exit 1\nfi\n# This output is used by Xcode 'outputs' to avoid re-running this script phase.\necho \"SUCCESS\" > \"${SCRIPT_OUTPUT_FILE_0}\"\n";
			showEnvVarsInLog = 0;
		};
		7C701C5412BD6B3567B443AB /* [CP] Embed Pods Frameworks */ = {
			isa = PBXShellScriptBuildPhase;
			buildActionMask = 2147483647;
			files = (
			);
			inputFileListPaths = (
				"${PODS_ROOT}/Target Support Files/Pods-VKFeedNews/Pods-VKFeedNews-frameworks-${CONFIGURATION}-input-files.xcfilelist",
			);
			name = "[CP] Embed Pods Frameworks";
			outputFileListPaths = (
				"${PODS_ROOT}/Target Support Files/Pods-VKFeedNews/Pods-VKFeedNews-frameworks-${CONFIGURATION}-output-files.xcfilelist",
			);
			runOnlyForDeploymentPostprocessing = 0;
			shellPath = /bin/sh;
			shellScript = "\"${PODS_ROOT}/Target Support Files/Pods-VKFeedNews/Pods-VKFeedNews-frameworks.sh\"\n";
			showEnvVarsInLog = 0;
		};
/* End PBXShellScriptBuildPhase section */

/* Begin PBXSourcesBuildPhase section */
		6D92592C271469F300DFA252 /* Sources */ = {
			isa = PBXSourcesBuildPhase;
			buildActionMask = 2147483647;
			files = (
				6D925934271469F300DFA252 /* AppDelegate.swift in Sources */,
				6D524A19271713010064EAEA /* WebImageView.swift in Sources */,
				6DB27D542715C22C00B0C072 /* AuthViewController.swift in Sources */,
				6DB27D65271619B900B0C072 /* NetworkService.swift in Sources */,
				6DB27D6A2716253700B0C072 /* NetworkDataFetcher.swift in Sources */,
				6D6D45F727162EA6000DCB16 /* NewsfeedViewController.swift in Sources */,
				6DB27D61271615A000B0C072 /* UIViewController + Storyboard.swift in Sources */,
				6D6D45F427162EA6000DCB16 /* NewsfeedWorker.swift in Sources */,
				6D6D45F527162EA6000DCB16 /* NewsfeedRouter.swift in Sources */,
				6D6D45F327162EA6000DCB16 /* NewsfeedPresenter.swift in Sources */,
				6D925936271469F300DFA252 /* SceneDelegate.swift in Sources */,
				6D524A1D271736900064EAEA /* String + Height.swift in Sources */,
				6D2AB81C2714CDE8005FF966 /* AuthService.swift in Sources */,
				6DB27D68271622B400B0C072 /* FeedResponse.swift in Sources */,
				6D6D45F627162EA6000DCB16 /* NewsfeedModels.swift in Sources */,
				6D524A1B27172D250064EAEA /* NewsfeedCellLayoutCalculator.swift in Sources */,
				6DB27D632716192D00B0C072 /* API.swift in Sources */,
				6D524A142716F7380064EAEA /* NewsfeedCell.swift in Sources */,
				6D6D45F827162EA6000DCB16 /* NewsfeedInteractor.swift in Sources */,
			);
			runOnlyForDeploymentPostprocessing = 0;
		};
/* End PBXSourcesBuildPhase section */

/* Begin PBXVariantGroup section */
		6D92593E271469F500DFA252 /* LaunchScreen.storyboard */ = {
			isa = PBXVariantGroup;
			children = (
				6D92593F271469F500DFA252 /* Base */,
			);
			name = LaunchScreen.storyboard;
			sourceTree = "<group>";
		};
/* End PBXVariantGroup section */

/* Begin XCBuildConfiguration section */
		6D925942271469F500DFA252 /* Debug */ = {
			isa = XCBuildConfiguration;
			buildSettings = {
				ALWAYS_SEARCH_USER_PATHS = NO;
				CLANG_ANALYZER_NONNULL = YES;
				CLANG_ANALYZER_NUMBER_OBJECT_CONVERSION = YES_AGGRESSIVE;
				CLANG_CXX_LANGUAGE_STANDARD = "gnu++17";
				CLANG_CXX_LIBRARY = "libc++";
				CLANG_ENABLE_MODULES = YES;
				CLANG_ENABLE_OBJC_ARC = YES;
				CLANG_ENABLE_OBJC_WEAK = YES;
				CLANG_WARN_BLOCK_CAPTURE_AUTORELEASING = YES;
				CLANG_WARN_BOOL_CONVERSION = YES;
				CLANG_WARN_COMMA = YES;
				CLANG_WARN_CONSTANT_CONVERSION = YES;
				CLANG_WARN_DEPRECATED_OBJC_IMPLEMENTATIONS = YES;
				CLANG_WARN_DIRECT_OBJC_ISA_USAGE = YES_ERROR;
				CLANG_WARN_DOCUMENTATION_COMMENTS = YES;
				CLANG_WARN_EMPTY_BODY = YES;
				CLANG_WARN_ENUM_CONVERSION = YES;
				CLANG_WARN_INFINITE_RECURSION = YES;
				CLANG_WARN_INT_CONVERSION = YES;
				CLANG_WARN_NON_LITERAL_NULL_CONVERSION = YES;
				CLANG_WARN_OBJC_IMPLICIT_RETAIN_SELF = YES;
				CLANG_WARN_OBJC_LITERAL_CONVERSION = YES;
				CLANG_WARN_OBJC_ROOT_CLASS = YES_ERROR;
				CLANG_WARN_QUOTED_INCLUDE_IN_FRAMEWORK_HEADER = YES;
				CLANG_WARN_RANGE_LOOP_ANALYSIS = YES;
				CLANG_WARN_STRICT_PROTOTYPES = YES;
				CLANG_WARN_SUSPICIOUS_MOVE = YES;
				CLANG_WARN_UNGUARDED_AVAILABILITY = YES_AGGRESSIVE;
				CLANG_WARN_UNREACHABLE_CODE = YES;
				CLANG_WARN__DUPLICATE_METHOD_MATCH = YES;
				COPY_PHASE_STRIP = NO;
				DEBUG_INFORMATION_FORMAT = dwarf;
				ENABLE_STRICT_OBJC_MSGSEND = YES;
				ENABLE_TESTABILITY = YES;
				GCC_C_LANGUAGE_STANDARD = gnu11;
				GCC_DYNAMIC_NO_PIC = NO;
				GCC_NO_COMMON_BLOCKS = YES;
				GCC_OPTIMIZATION_LEVEL = 0;
				GCC_PREPROCESSOR_DEFINITIONS = (
					"DEBUG=1",
					"$(inherited)",
				);
				GCC_WARN_64_TO_32_BIT_CONVERSION = YES;
				GCC_WARN_ABOUT_RETURN_TYPE = YES_ERROR;
				GCC_WARN_UNDECLARED_SELECTOR = YES;
				GCC_WARN_UNINITIALIZED_AUTOS = YES_AGGRESSIVE;
				GCC_WARN_UNUSED_FUNCTION = YES;
				GCC_WARN_UNUSED_VARIABLE = YES;
				IPHONEOS_DEPLOYMENT_TARGET = 15.0;
				MTL_ENABLE_DEBUG_INFO = INCLUDE_SOURCE;
				MTL_FAST_MATH = YES;
				ONLY_ACTIVE_ARCH = YES;
				SDKROOT = iphoneos;
				SWIFT_ACTIVE_COMPILATION_CONDITIONS = DEBUG;
				SWIFT_OPTIMIZATION_LEVEL = "-Onone";
			};
			name = Debug;
		};
		6D925943271469F500DFA252 /* Release */ = {
			isa = XCBuildConfiguration;
			buildSettings = {
				ALWAYS_SEARCH_USER_PATHS = NO;
				CLANG_ANALYZER_NONNULL = YES;
				CLANG_ANALYZER_NUMBER_OBJECT_CONVERSION = YES_AGGRESSIVE;
				CLANG_CXX_LANGUAGE_STANDARD = "gnu++17";
				CLANG_CXX_LIBRARY = "libc++";
				CLANG_ENABLE_MODULES = YES;
				CLANG_ENABLE_OBJC_ARC = YES;
				CLANG_ENABLE_OBJC_WEAK = YES;
				CLANG_WARN_BLOCK_CAPTURE_AUTORELEASING = YES;
				CLANG_WARN_BOOL_CONVERSION = YES;
				CLANG_WARN_COMMA = YES;
				CLANG_WARN_CONSTANT_CONVERSION = YES;
				CLANG_WARN_DEPRECATED_OBJC_IMPLEMENTATIONS = YES;
				CLANG_WARN_DIRECT_OBJC_ISA_USAGE = YES_ERROR;
				CLANG_WARN_DOCUMENTATION_COMMENTS = YES;
				CLANG_WARN_EMPTY_BODY = YES;
				CLANG_WARN_ENUM_CONVERSION = YES;
				CLANG_WARN_INFINITE_RECURSION = YES;
				CLANG_WARN_INT_CONVERSION = YES;
				CLANG_WARN_NON_LITERAL_NULL_CONVERSION = YES;
				CLANG_WARN_OBJC_IMPLICIT_RETAIN_SELF = YES;
				CLANG_WARN_OBJC_LITERAL_CONVERSION = YES;
				CLANG_WARN_OBJC_ROOT_CLASS = YES_ERROR;
				CLANG_WARN_QUOTED_INCLUDE_IN_FRAMEWORK_HEADER = YES;
				CLANG_WARN_RANGE_LOOP_ANALYSIS = YES;
				CLANG_WARN_STRICT_PROTOTYPES = YES;
				CLANG_WARN_SUSPICIOUS_MOVE = YES;
				CLANG_WARN_UNGUARDED_AVAILABILITY = YES_AGGRESSIVE;
				CLANG_WARN_UNREACHABLE_CODE = YES;
				CLANG_WARN__DUPLICATE_METHOD_MATCH = YES;
				COPY_PHASE_STRIP = NO;
				DEBUG_INFORMATION_FORMAT = "dwarf-with-dsym";
				ENABLE_NS_ASSERTIONS = NO;
				ENABLE_STRICT_OBJC_MSGSEND = YES;
				GCC_C_LANGUAGE_STANDARD = gnu11;
				GCC_NO_COMMON_BLOCKS = YES;
				GCC_WARN_64_TO_32_BIT_CONVERSION = YES;
				GCC_WARN_ABOUT_RETURN_TYPE = YES_ERROR;
				GCC_WARN_UNDECLARED_SELECTOR = YES;
				GCC_WARN_UNINITIALIZED_AUTOS = YES_AGGRESSIVE;
				GCC_WARN_UNUSED_FUNCTION = YES;
				GCC_WARN_UNUSED_VARIABLE = YES;
				IPHONEOS_DEPLOYMENT_TARGET = 15.0;
				MTL_ENABLE_DEBUG_INFO = NO;
				MTL_FAST_MATH = YES;
				SDKROOT = iphoneos;
				SWIFT_COMPILATION_MODE = wholemodule;
				SWIFT_OPTIMIZATION_LEVEL = "-O";
				VALIDATE_PRODUCT = YES;
			};
			name = Release;
		};
		6D925945271469F500DFA252 /* Debug */ = {
			isa = XCBuildConfiguration;
			baseConfigurationReference = 95093FFCF6946CF964D91DCD /* Pods-VKFeedNews.debug.xcconfig */;
			buildSettings = {
				ASSETCATALOG_COMPILER_APPICON_NAME = AppIcon;
				ASSETCATALOG_COMPILER_GLOBAL_ACCENT_COLOR_NAME = AccentColor;
				CODE_SIGN_STYLE = Automatic;
				CURRENT_PROJECT_VERSION = 1;
				DEVELOPMENT_TEAM = ZBVHAA67XK;
				GENERATE_INFOPLIST_FILE = YES;
				INFOPLIST_FILE = VKFeedNews/Info.plist;
				INFOPLIST_KEY_UIApplicationSupportsIndirectInputEvents = YES;
				INFOPLIST_KEY_UILaunchStoryboardName = LaunchScreen;
				INFOPLIST_KEY_UISupportedInterfaceOrientations = UIInterfaceOrientationPortrait;
				INFOPLIST_KEY_UISupportedInterfaceOrientations_iPad = "UIInterfaceOrientationPortrait UIInterfaceOrientationPortraitUpsideDown UIInterfaceOrientationLandscapeLeft UIInterfaceOrientationLandscapeRight";
				INFOPLIST_KEY_UISupportedInterfaceOrientations_iPhone = "UIInterfaceOrientationPortrait UIInterfaceOrientationLandscapeLeft UIInterfaceOrientationLandscapeRight";
				IPHONEOS_DEPLOYMENT_TARGET = 13.0;
				LD_RUNPATH_SEARCH_PATHS = (
					"$(inherited)",
					"@executable_path/Frameworks",
				);
				MARKETING_VERSION = 1.0;
				PRODUCT_BUNDLE_IDENTIFIER = ru.RTUITLab.VKFeedNews;
				PRODUCT_NAME = "$(TARGET_NAME)";
				SWIFT_EMIT_LOC_STRINGS = YES;
				SWIFT_VERSION = 5.0;
				TARGETED_DEVICE_FAMILY = 1;
			};
			name = Debug;
		};
		6D925946271469F500DFA252 /* Release */ = {
			isa = XCBuildConfiguration;
			baseConfigurationReference = B7BDFA484FD8FD663197F5EA /* Pods-VKFeedNews.release.xcconfig */;
			buildSettings = {
				ASSETCATALOG_COMPILER_APPICON_NAME = AppIcon;
				ASSETCATALOG_COMPILER_GLOBAL_ACCENT_COLOR_NAME = AccentColor;
				CODE_SIGN_STYLE = Automatic;
				CURRENT_PROJECT_VERSION = 1;
				DEVELOPMENT_TEAM = ZBVHAA67XK;
				GENERATE_INFOPLIST_FILE = YES;
				INFOPLIST_FILE = VKFeedNews/Info.plist;
				INFOPLIST_KEY_UIApplicationSupportsIndirectInputEvents = YES;
				INFOPLIST_KEY_UILaunchStoryboardName = LaunchScreen;
				INFOPLIST_KEY_UISupportedInterfaceOrientations = UIInterfaceOrientationPortrait;
				INFOPLIST_KEY_UISupportedInterfaceOrientations_iPad = "UIInterfaceOrientationPortrait UIInterfaceOrientationPortraitUpsideDown UIInterfaceOrientationLandscapeLeft UIInterfaceOrientationLandscapeRight";
				INFOPLIST_KEY_UISupportedInterfaceOrientations_iPhone = "UIInterfaceOrientationPortrait UIInterfaceOrientationLandscapeLeft UIInterfaceOrientationLandscapeRight";
				IPHONEOS_DEPLOYMENT_TARGET = 13.0;
				LD_RUNPATH_SEARCH_PATHS = (
					"$(inherited)",
					"@executable_path/Frameworks",
				);
				MARKETING_VERSION = 1.0;
				PRODUCT_BUNDLE_IDENTIFIER = ru.RTUITLab.VKFeedNews;
				PRODUCT_NAME = "$(TARGET_NAME)";
				SWIFT_EMIT_LOC_STRINGS = YES;
				SWIFT_VERSION = 5.0;
				TARGETED_DEVICE_FAMILY = 1;
			};
			name = Release;
		};
/* End XCBuildConfiguration section */

/* Begin XCConfigurationList section */
		6D92592B271469F300DFA252 /* Build configuration list for PBXProject "VKFeedNews" */ = {
			isa = XCConfigurationList;
			buildConfigurations = (
				6D925942271469F500DFA252 /* Debug */,
				6D925943271469F500DFA252 /* Release */,
			);
			defaultConfigurationIsVisible = 0;
			defaultConfigurationName = Release;
		};
		6D925944271469F500DFA252 /* Build configuration list for PBXNativeTarget "VKFeedNews" */ = {
			isa = XCConfigurationList;
			buildConfigurations = (
				6D925945271469F500DFA252 /* Debug */,
				6D925946271469F500DFA252 /* Release */,
			);
			defaultConfigurationIsVisible = 0;
			defaultConfigurationName = Release;
		};
/* End XCConfigurationList section */
	};
	rootObject = 6D925928271469F300DFA252 /* Project object */;
}
